
Microsoft Visual Studio Solution File, Format Version 12.00
# Visual Studio Version 17
VisualStudioVersion = 17.1.32228.430
MinimumVisualStudioVersion = 10.0.40219.1
Project("{FAE04EC0-301F-11D3-BF4B-00C04F79EFBC}") = "SGT-Homeworks", "SGT-Homeworks\SGT-Homeworks.csproj", "{F899C58A-2556-41D5-B34C-A16A718DB351}"
EndProject
Global
	GlobalSection(SolutionConfigurationPlatforms) = preSolution
		Debug|Any CPU = Debug|Any CPU
		Release|Any CPU = Release|Any CPU
	EndGlobalSection
	GlobalSection(ProjectConfigurationPlatforms) = postSolution
		{F899C58A-2556-41D5-B34C-A16A718DB351}.Debug|Any CPU.ActiveCfg = Debug|Any CPU
		{F899C58A-2556-41D5-B34C-A16A718DB351}.Debug|Any CPU.Build.0 = Debug|Any CPU
		{F899C58A-2556-41D5-B34C-A16A718DB351}.Release|Any CPU.ActiveCfg = Release|Any CPU
		{F899C58A-2556-41D5-B34C-A16A718DB351}.Release|Any CPU.Build.0 = Release|Any CPU
	EndGlobalSection
	GlobalSection(SolutionProperties) = preSolution
		HideSolutionNode = FALSE
	EndGlobalSection
	GlobalSection(ExtensibilityGlobals) = postSolution
		SolutionGuid = {7A27D2C4-4892-4B30-96AB-70A20556E66F}
	EndGlobalSection
EndGlobal
